# THIS IS AN AUTOGENERATED FILE. DO NOT EDIT THIS FILE DIRECTLY.
# yarn lockfile v1


vue-demi@^0.4.0:
  version "0.4.0"
  resolved "https://registry.yarnpkg.com/vue-demi/-/vue-demi-0.4.0.tgz#074e61674b1ec6d3483d54ba9fd7acc1378a66a2"
  integrity sha512-7xaEKWpcyrbP5fVNFWSgF+gf0bWAfvlhH0Cb08Ec4XeTK6FCplaqXmaRLivzl3ypM0mkNcBAjSgctzMul0hgYg==

vue-router@^4.0.0-beta.13:
  version "4.0.0-beta.13"
  resolved "https://registry.yarnpkg.com/vue-router/-/vue-router-4.0.0-beta.13.tgz#4611d09a9e44f231cc401ecc294a7f2dcb30e6a6"
  integrity sha512-dYv9qpHPaojQlfujViiTkPkf1Bf5RCFzkCkdVFc1cENzWJYAGJanpIHiyjyKoM4u7IDFBZMItci+U4ieaEWA8A==
